// !$*UTF8*$!
{
	archiveVersion = 1;
	classes = {
	};
	objectVersion = 56;
	objects = {

/* Begin PBXBuildFile section */
		2EDADF0C2BD79CB700D33799 /* LMessengerApp.swift in Sources */ = {isa = PBXBuildFile; fileRef = 2EDADF0B2BD79CB700D33799 /* LMessengerApp.swift */; };
		2EDADF0E2BD79CB700D33799 /* AthenticatedView.swift in Sources */ = {isa = PBXBuildFile; fileRef = 2EDADF0D2BD79CB700D33799 /* AthenticatedView.swift */; };
		2EDADF102BD79CBA00D33799 /* Assets.xcassets in Resources */ = {isa = PBXBuildFile; fileRef = 2EDADF0F2BD79CBA00D33799 /* Assets.xcassets */; };
		2EDADF132BD79CBA00D33799 /* Preview Assets.xcassets in Resources */ = {isa = PBXBuildFile; fileRef = 2EDADF122BD79CBA00D33799 /* Preview Assets.xcassets */; };
		2EDADF1D2BD79CBA00D33799 /* LMessengerTests.swift in Sources */ = {isa = PBXBuildFile; fileRef = 2EDADF1C2BD79CBA00D33799 /* LMessengerTests.swift */; };
		2EDADF272BD79CBA00D33799 /* LMessengerUITests.swift in Sources */ = {isa = PBXBuildFile; fileRef = 2EDADF262BD79CBA00D33799 /* LMessengerUITests.swift */; };
		2EDADF292BD79CBA00D33799 /* LMessengerUITestsLaunchTests.swift in Sources */ = {isa = PBXBuildFile; fileRef = 2EDADF282BD79CBA00D33799 /* LMessengerUITestsLaunchTests.swift */; };
		2EDADF412BDA358600D33799 /* Launch Screen.storyboard in Resources */ = {isa = PBXBuildFile; fileRef = 2EDADF402BDA358600D33799 /* Launch Screen.storyboard */; };
		2EDADF442BDA370500D33799 /* DIContainer.swift in Sources */ = {isa = PBXBuildFile; fileRef = 2EDADF432BDA370500D33799 /* DIContainer.swift */; };
		2EDADF472BDA374A00D33799 /* Services.swift in Sources */ = {isa = PBXBuildFile; fileRef = 2EDADF462BDA374A00D33799 /* Services.swift */; };
		2EDADF4A2BDA387200D33799 /* AthenticatedViewModel.swift in Sources */ = {isa = PBXBuildFile; fileRef = 2EDADF492BDA387200D33799 /* AthenticatedViewModel.swift */; };
		2EDADF502BDA3B6400D33799 /* FirebaseAuth in Frameworks */ = {isa = PBXBuildFile; productRef = 2EDADF4F2BDA3B6400D33799 /* FirebaseAuth */; };
		2EDADF522BDA3BC000D33799 /* AppDelegate.swift in Sources */ = {isa = PBXBuildFile; fileRef = 2EDADF512BDA3BC000D33799 /* AppDelegate.swift */; };
		2EDADF542BDA3C9C00D33799 /* GoogleService-Info.plist in Resources */ = {isa = PBXBuildFile; fileRef = 2EDADF532BDA3C9C00D33799 /* GoogleService-Info.plist */; };
		2EDADF562BDA3D3800D33799 /* AuthenticationService.swift in Sources */ = {isa = PBXBuildFile; fileRef = 2EDADF552BDA3D3800D33799 /* AuthenticationService.swift */; };
		2EDADF5C2BDA3FFF00D33799 /* LoginIntroView.swift in Sources */ = {isa = PBXBuildFile; fileRef = 2EDADF5B2BDA3FFF00D33799 /* LoginIntroView.swift */; };
		2EDADF5E2BDA401200D33799 /* MainTabView.swift in Sources */ = {isa = PBXBuildFile; fileRef = 2EDADF5D2BDA401200D33799 /* MainTabView.swift */; };
		2EDADF662BDA4E0900D33799 /* Colors.xcassets in Resources */ = {isa = PBXBuildFile; fileRef = 2EDADF652BDA4E0900D33799 /* Colors.xcassets */; };
		2EDADF682BDA4E2600D33799 /* Color+Extension.swift in Sources */ = {isa = PBXBuildFile; fileRef = 2EDADF672BDA4E2600D33799 /* Color+Extension.swift */; };
		2EDADF6A2BDF838D00D33799 /* LoginView.swift in Sources */ = {isa = PBXBuildFile; fileRef = 2EDADF692BDF838C00D33799 /* LoginView.swift */; };
		2EDADF6C2BDF847400D33799 /* LoginButtonStyle.swift in Sources */ = {isa = PBXBuildFile; fileRef = 2EDADF6B2BDF847400D33799 /* LoginButtonStyle.swift */; };
		2EDADF6F2BDFF36D00D33799 /* GoogleSignIn in Frameworks */ = {isa = PBXBuildFile; productRef = 2EDADF6E2BDFF36D00D33799 /* GoogleSignIn */; };
		2EDADF722BDFF46400D33799 /* User.swift in Sources */ = {isa = PBXBuildFile; fileRef = 2EDADF712BDFF46400D33799 /* User.swift */; };
		2EDADF742BDFF4A500D33799 /* ServiceError.swift in Sources */ = {isa = PBXBuildFile; fileRef = 2EDADF732BDFF4A500D33799 /* ServiceError.swift */; };
		2EDADF772BEB849A00D33799 /* RandomNonceString.swift in Sources */ = {isa = PBXBuildFile; fileRef = 2EDADF762BEB849A00D33799 /* RandomNonceString.swift */; };
		2EDADF792BEB84AD00D33799 /* SHA256.swift in Sources */ = {isa = PBXBuildFile; fileRef = 2EDADF782BEB84AD00D33799 /* SHA256.swift */; };
/* End PBXBuildFile section */

/* Begin PBXContainerItemProxy section */
		2EDADF192BD79CBA00D33799 /* PBXContainerItemProxy */ = {
			isa = PBXContainerItemProxy;
			containerPortal = 2EDADF002BD79CB700D33799 /* Project object */;
			proxyType = 1;
			remoteGlobalIDString = 2EDADF072BD79CB700D33799;
			remoteInfo = LMessenger;
		};
		2EDADF232BD79CBA00D33799 /* PBXContainerItemProxy */ = {
			isa = PBXContainerItemProxy;
			containerPortal = 2EDADF002BD79CB700D33799 /* Project object */;
			proxyType = 1;
			remoteGlobalIDString = 2EDADF072BD79CB700D33799;
			remoteInfo = LMessenger;
		};
/* End PBXContainerItemProxy section */

/* Begin PBXFileReference section */
		2EDADF082BD79CB700D33799 /* LMessenger.app */ = {isa = PBXFileReference; explicitFileType = wrapper.application; includeInIndex = 0; path = LMessenger.app; sourceTree = BUILT_PRODUCTS_DIR; };
		2EDADF0B2BD79CB700D33799 /* LMessengerApp.swift */ = {isa = PBXFileReference; lastKnownFileType = sourcecode.swift; path = LMessengerApp.swift; sourceTree = "<group>"; };
		2EDADF0D2BD79CB700D33799 /* AthenticatedView.swift */ = {isa = PBXFileReference; lastKnownFileType = sourcecode.swift; path = AthenticatedView.swift; sourceTree = "<group>"; };
		2EDADF0F2BD79CBA00D33799 /* Assets.xcassets */ = {isa = PBXFileReference; lastKnownFileType = folder.assetcatalog; path = Assets.xcassets; sourceTree = "<group>"; };
		2EDADF122BD79CBA00D33799 /* Preview Assets.xcassets */ = {isa = PBXFileReference; lastKnownFileType = folder.assetcatalog; path = "Preview Assets.xcassets"; sourceTree = "<group>"; };
		2EDADF182BD79CBA00D33799 /* LMessengerTests.xctest */ = {isa = PBXFileReference; explicitFileType = wrapper.cfbundle; includeInIndex = 0; path = LMessengerTests.xctest; sourceTree = BUILT_PRODUCTS_DIR; };
		2EDADF1C2BD79CBA00D33799 /* LMessengerTests.swift */ = {isa = PBXFileReference; lastKnownFileType = sourcecode.swift; path = LMessengerTests.swift; sourceTree = "<group>"; };
		2EDADF222BD79CBA00D33799 /* LMessengerUITests.xctest */ = {isa = PBXFileReference; explicitFileType = wrapper.cfbundle; includeInIndex = 0; path = LMessengerUITests.xctest; sourceTree = BUILT_PRODUCTS_DIR; };
		2EDADF262BD79CBA00D33799 /* LMessengerUITests.swift */ = {isa = PBXFileReference; lastKnownFileType = sourcecode.swift; path = LMessengerUITests.swift; sourceTree = "<group>"; };
		2EDADF282BD79CBA00D33799 /* LMessengerUITestsLaunchTests.swift */ = {isa = PBXFileReference; lastKnownFileType = sourcecode.swift; path = LMessengerUITestsLaunchTests.swift; sourceTree = "<group>"; };
		2EDADF3F2BDA355E00D33799 /* Info.plist */ = {isa = PBXFileReference; lastKnownFileType = text.plist; path = Info.plist; sourceTree = "<group>"; };
		2EDADF402BDA358600D33799 /* Launch Screen.storyboard */ = {isa = PBXFileReference; lastKnownFileType = file.storyboard; path = "Launch Screen.storyboard"; sourceTree = "<group>"; };
		2EDADF432BDA370500D33799 /* DIContainer.swift */ = {isa = PBXFileReference; lastKnownFileType = sourcecode.swift; path = DIContainer.swift; sourceTree = "<group>"; };
		2EDADF462BDA374A00D33799 /* Services.swift */ = {isa = PBXFileReference; lastKnownFileType = sourcecode.swift; path = Services.swift; sourceTree = "<group>"; };
		2EDADF492BDA387200D33799 /* AthenticatedViewModel.swift */ = {isa = PBXFileReference; lastKnownFileType = sourcecode.swift; path = AthenticatedViewModel.swift; sourceTree = "<group>"; };
		2EDADF512BDA3BC000D33799 /* AppDelegate.swift */ = {isa = PBXFileReference; lastKnownFileType = sourcecode.swift; path = AppDelegate.swift; sourceTree = "<group>"; };
		2EDADF532BDA3C9C00D33799 /* GoogleService-Info.plist */ = {isa = PBXFileReference; fileEncoding = 4; lastKnownFileType = text.plist.xml; path = "GoogleService-Info.plist"; sourceTree = "<group>"; };
		2EDADF552BDA3D3800D33799 /* AuthenticationService.swift */ = {isa = PBXFileReference; lastKnownFileType = sourcecode.swift; path = AuthenticationService.swift; sourceTree = "<group>"; };
		2EDADF5B2BDA3FFF00D33799 /* LoginIntroView.swift */ = {isa = PBXFileReference; lastKnownFileType = sourcecode.swift; path = LoginIntroView.swift; sourceTree = "<group>"; };
		2EDADF5D2BDA401200D33799 /* MainTabView.swift */ = {isa = PBXFileReference; lastKnownFileType = sourcecode.swift; path = MainTabView.swift; sourceTree = "<group>"; };
		2EDADF652BDA4E0900D33799 /* Colors.xcassets */ = {isa = PBXFileReference; lastKnownFileType = folder.assetcatalog; path = Colors.xcassets; sourceTree = "<group>"; };
		2EDADF672BDA4E2600D33799 /* Color+Extension.swift */ = {isa = PBXFileReference; fileEncoding = 4; lastKnownFileType = sourcecode.swift; path = "Color+Extension.swift"; sourceTree = "<group>"; };
		2EDADF692BDF838C00D33799 /* LoginView.swift */ = {isa = PBXFileReference; lastKnownFileType = sourcecode.swift; path = LoginView.swift; sourceTree = "<group>"; };
		2EDADF6B2BDF847400D33799 /* LoginButtonStyle.swift */ = {isa = PBXFileReference; lastKnownFileType = sourcecode.swift; path = LoginButtonStyle.swift; sourceTree = "<group>"; };
		2EDADF712BDFF46400D33799 /* User.swift */ = {isa = PBXFileReference; lastKnownFileType = sourcecode.swift; path = User.swift; sourceTree = "<group>"; };
		2EDADF732BDFF4A500D33799 /* ServiceError.swift */ = {isa = PBXFileReference; lastKnownFileType = sourcecode.swift; path = ServiceError.swift; sourceTree = "<group>"; };
		2EDADF762BEB849A00D33799 /* RandomNonceString.swift */ = {isa = PBXFileReference; lastKnownFileType = sourcecode.swift; path = RandomNonceString.swift; sourceTree = "<group>"; };
		2EDADF782BEB84AD00D33799 /* SHA256.swift */ = {isa = PBXFileReference; lastKnownFileType = sourcecode.swift; path = SHA256.swift; sourceTree = "<group>"; };
/* End PBXFileReference section */

/* Begin PBXFrameworksBuildPhase section */
		2EDADF052BD79CB700D33799 /* Frameworks */ = {
			isa = PBXFrameworksBuildPhase;
			buildActionMask = 2147483647;
			files = (
				2EDADF502BDA3B6400D33799 /* FirebaseAuth in Frameworks */,
				2EDADF6F2BDFF36D00D33799 /* GoogleSignIn in Frameworks */,
			);
			runOnlyForDeploymentPostprocessing = 0;
		};
		2EDADF152BD79CBA00D33799 /* Frameworks */ = {
			isa = PBXFrameworksBuildPhase;
			buildActionMask = 2147483647;
			files = (
			);
			runOnlyForDeploymentPostprocessing = 0;
		};
		2EDADF1F2BD79CBA00D33799 /* Frameworks */ = {
			isa = PBXFrameworksBuildPhase;
			buildActionMask = 2147483647;
			files = (
			);
			runOnlyForDeploymentPostprocessing = 0;
		};
/* End PBXFrameworksBuildPhase section */

/* Begin PBXGroup section */
		2EDADEFF2BD79CB700D33799 = {
			isa = PBXGroup;
			children = (
				2EDADF0A2BD79CB700D33799 /* LMessenger */,
				2EDADF1B2BD79CBA00D33799 /* LMessengerTests */,
				2EDADF252BD79CBA00D33799 /* LMessengerUITests */,
				2EDADF092BD79CB700D33799 /* Products */,
			);
			sourceTree = "<group>";
		};
		2EDADF092BD79CB700D33799 /* Products */ = {
			isa = PBXGroup;
			children = (
				2EDADF082BD79CB700D33799 /* LMessenger.app */,
				2EDADF182BD79CBA00D33799 /* LMessengerTests.xctest */,
				2EDADF222BD79CBA00D33799 /* LMessengerUITests.xctest */,
			);
			name = Products;
			sourceTree = "<group>";
		};
		2EDADF0A2BD79CB700D33799 /* LMessenger */ = {
			isa = PBXGroup;
			children = (
				2EDADF0B2BD79CB700D33799 /* LMessengerApp.swift */,
				2EDADF512BDA3BC000D33799 /* AppDelegate.swift */,
				2EDADF532BDA3C9C00D33799 /* GoogleService-Info.plist */,
				2EDADF3F2BDA355E00D33799 /* Info.plist */,
				2EDADF422BDA36FD00D33799 /* General */,
				2EDADF4B2BDA387D00D33799 /* View */,
				2EDADF702BDFF45600D33799 /* Model */,
				2EDADF452BDA374500D33799 /* Service */,
				2EDADF752BEB845300D33799 /* Util */,
				2EDADF382BD79EFE00D33799 /* Extension */,
				2EDADF372BD79E6D00D33799 /* Resource */,
				2EDADF112BD79CBA00D33799 /* Preview Content */,
			);
			path = LMessenger;
			sourceTree = "<group>";
		};
		2EDADF112BD79CBA00D33799 /* Preview Content */ = {
			isa = PBXGroup;
			children = (
				2EDADF122BD79CBA00D33799 /* Preview Assets.xcassets */,
			);
			path = "Preview Content";
			sourceTree = "<group>";
		};
		2EDADF1B2BD79CBA00D33799 /* LMessengerTests */ = {
			isa = PBXGroup;
			children = (
				2EDADF1C2BD79CBA00D33799 /* LMessengerTests.swift */,
			);
			path = LMessengerTests;
			sourceTree = "<group>";
		};
		2EDADF252BD79CBA00D33799 /* LMessengerUITests */ = {
			isa = PBXGroup;
			children = (
				2EDADF262BD79CBA00D33799 /* LMessengerUITests.swift */,
				2EDADF282BD79CBA00D33799 /* LMessengerUITestsLaunchTests.swift */,
			);
			path = LMessengerUITests;
			sourceTree = "<group>";
		};
		2EDADF372BD79E6D00D33799 /* Resource */ = {
			isa = PBXGroup;
			children = (
				2EDADF652BDA4E0900D33799 /* Colors.xcassets */,
				2EDADF0F2BD79CBA00D33799 /* Assets.xcassets */,
				2EDADF402BDA358600D33799 /* Launch Screen.storyboard */,
			);
			path = Resource;
			sourceTree = "<group>";
		};
		2EDADF382BD79EFE00D33799 /* Extension */ = {
			isa = PBXGroup;
			children = (
				2EDADF672BDA4E2600D33799 /* Color+Extension.swift */,
			);
			path = Extension;
			sourceTree = "<group>";
		};
		2EDADF422BDA36FD00D33799 /* General */ = {
			isa = PBXGroup;
			children = (
				2EDADF432BDA370500D33799 /* DIContainer.swift */,
			);
			path = General;
			sourceTree = "<group>";
		};
		2EDADF452BDA374500D33799 /* Service */ = {
			isa = PBXGroup;
			children = (
				2EDADF462BDA374A00D33799 /* Services.swift */,
				2EDADF552BDA3D3800D33799 /* AuthenticationService.swift */,
				2EDADF732BDFF4A500D33799 /* ServiceError.swift */,
			);
			path = Service;
			sourceTree = "<group>";
		};
		2EDADF482BDA382A00D33799 /* Athentication */ = {
			isa = PBXGroup;
			children = (
				2EDADF0D2BD79CB700D33799 /* AthenticatedView.swift */,
				2EDADF492BDA387200D33799 /* AthenticatedViewModel.swift */,
			);
			path = Athentication;
			sourceTree = "<group>";
		};
		2EDADF4B2BDA387D00D33799 /* View */ = {
			isa = PBXGroup;
			children = (
				2EDADF482BDA382A00D33799 /* Athentication */,
				2EDADF572BDA3FA900D33799 /* Login */,
				2EDADF582BDA3FAE00D33799 /* MainTab */,
			);
			path = View;
			sourceTree = "<group>";
		};
		2EDADF572BDA3FA900D33799 /* Login */ = {
			isa = PBXGroup;
			children = (
				2EDADF5B2BDA3FFF00D33799 /* LoginIntroView.swift */,
				2EDADF692BDF838C00D33799 /* LoginView.swift */,
				2EDADF6B2BDF847400D33799 /* LoginButtonStyle.swift */,
			);
			path = Login;
			sourceTree = "<group>";
		};
		2EDADF582BDA3FAE00D33799 /* MainTab */ = {
			isa = PBXGroup;
			children = (
				2EDADF5D2BDA401200D33799 /* MainTabView.swift */,
			);
			path = MainTab;
			sourceTree = "<group>";
		};
		2EDADF702BDFF45600D33799 /* Model */ = {
			isa = PBXGroup;
			children = (
				2EDADF712BDFF46400D33799 /* User.swift */,
			);
			path = Model;
			sourceTree = "<group>";
		};
		2EDADF752BEB845300D33799 /* Util */ = {
			isa = PBXGroup;
			children = (
				2EDADF762BEB849A00D33799 /* RandomNonceString.swift */,
				2EDADF782BEB84AD00D33799 /* SHA256.swift */,
			);
			path = Util;
			sourceTree = "<group>";
		};
/* End PBXGroup section */

/* Begin PBXNativeTarget section */
		2EDADF072BD79CB700D33799 /* LMessenger */ = {
			isa = PBXNativeTarget;
			buildConfigurationList = 2EDADF2C2BD79CBA00D33799 /* Build configuration list for PBXNativeTarget "LMessenger" */;
			buildPhases = (
				2EDADF042BD79CB700D33799 /* Sources */,
				2EDADF052BD79CB700D33799 /* Frameworks */,
				2EDADF062BD79CB700D33799 /* Resources */,
			);
			buildRules = (
			);
			dependencies = (
			);
			name = LMessenger;
			packageProductDependencies = (
				2EDADF4F2BDA3B6400D33799 /* FirebaseAuth */,
				2EDADF6E2BDFF36D00D33799 /* GoogleSignIn */,
			);
			productName = LMessenger;
			productReference = 2EDADF082BD79CB700D33799 /* LMessenger.app */;
			productType = "com.apple.product-type.application";
		};
		2EDADF172BD79CBA00D33799 /* LMessengerTests */ = {
			isa = PBXNativeTarget;
			buildConfigurationList = 2EDADF2F2BD79CBA00D33799 /* Build configuration list for PBXNativeTarget "LMessengerTests" */;
			buildPhases = (
				2EDADF142BD79CBA00D33799 /* Sources */,
				2EDADF152BD79CBA00D33799 /* Frameworks */,
				2EDADF162BD79CBA00D33799 /* Resources */,
			);
			buildRules = (
			);
			dependencies = (
				2EDADF1A2BD79CBA00D33799 /* PBXTargetDependency */,
			);
			name = LMessengerTests;
			productName = LMessengerTests;
			productReference = 2EDADF182BD79CBA00D33799 /* LMessengerTests.xctest */;
			productType = "com.apple.product-type.bundle.unit-test";
		};
		2EDADF212BD79CBA00D33799 /* LMessengerUITests */ = {
			isa = PBXNativeTarget;
			buildConfigurationList = 2EDADF322BD79CBA00D33799 /* Build configuration list for PBXNativeTarget "LMessengerUITests" */;
			buildPhases = (
				2EDADF1E2BD79CBA00D33799 /* Sources */,
				2EDADF1F2BD79CBA00D33799 /* Frameworks */,
				2EDADF202BD79CBA00D33799 /* Resources */,
			);
			buildRules = (
			);
			dependencies = (
				2EDADF242BD79CBA00D33799 /* PBXTargetDependency */,
			);
			name = LMessengerUITests;
			productName = LMessengerUITests;
			productReference = 2EDADF222BD79CBA00D33799 /* LMessengerUITests.xctest */;
			productType = "com.apple.product-type.bundle.ui-testing";
		};
/* End PBXNativeTarget section */

/* Begin PBXProject section */
		2EDADF002BD79CB700D33799 /* Project object */ = {
			isa = PBXProject;
			attributes = {
				BuildIndependentTargetsInParallel = 1;
				LastSwiftUpdateCheck = 1520;
				LastUpgradeCheck = 1520;
				TargetAttributes = {
					2EDADF072BD79CB700D33799 = {
						CreatedOnToolsVersion = 15.2;
					};
					2EDADF172BD79CBA00D33799 = {
						CreatedOnToolsVersion = 15.2;
						TestTargetID = 2EDADF072BD79CB700D33799;
					};
					2EDADF212BD79CBA00D33799 = {
						CreatedOnToolsVersion = 15.2;
						TestTargetID = 2EDADF072BD79CB700D33799;
					};
				};
			};
			buildConfigurationList = 2EDADF032BD79CB700D33799 /* Build configuration list for PBXProject "LMessenger" */;
			compatibilityVersion = "Xcode 14.0";
			developmentRegion = en;
			hasScannedForEncodings = 0;
			knownRegions = (
				en,
				Base,
			);
			mainGroup = 2EDADEFF2BD79CB700D33799;
			packageReferences = (
				2EDADF4E2BDA3B6400D33799 /* XCRemoteSwiftPackageReference "firebase-ios-sdk" */,
				2EDADF6D2BDFF36D00D33799 /* XCRemoteSwiftPackageReference "GoogleSignIn-iOS" */,
			);
			productRefGroup = 2EDADF092BD79CB700D33799 /* Products */;
			projectDirPath = "";
			projectRoot = "";
			targets = (
				2EDADF072BD79CB700D33799 /* LMessenger */,
				2EDADF172BD79CBA00D33799 /* LMessengerTests */,
				2EDADF212BD79CBA00D33799 /* LMessengerUITests */,
			);
		};
/* End PBXProject section */

/* Begin PBXResourcesBuildPhase section */
		2EDADF062BD79CB700D33799 /* Resources */ = {
			isa = PBXResourcesBuildPhase;
			buildActionMask = 2147483647;
			files = (
				2EDADF662BDA4E0900D33799 /* Colors.xcassets in Resources */,
				2EDADF412BDA358600D33799 /* Launch Screen.storyboard in Resources */,
				2EDADF542BDA3C9C00D33799 /* GoogleService-Info.plist in Resources */,
				2EDADF132BD79CBA00D33799 /* Preview Assets.xcassets in Resources */,
				2EDADF102BD79CBA00D33799 /* Assets.xcassets in Resources */,
			);
			runOnlyForDeploymentPostprocessing = 0;
		};
		2EDADF162BD79CBA00D33799 /* Resources */ = {
			isa = PBXResourcesBuildPhase;
			buildActionMask = 2147483647;
			files = (
			);
			runOnlyForDeploymentPostprocessing = 0;
		};
		2EDADF202BD79CBA00D33799 /* Resources */ = {
			isa = PBXResourcesBuildPhase;
			buildActionMask = 2147483647;
			files = (
			);
			runOnlyForDeploymentPostprocessing = 0;
		};
/* End PBXResourcesBuildPhase section */

/* Begin PBXSourcesBuildPhase section */
		2EDADF042BD79CB700D33799 /* Sources */ = {
			isa = PBXSourcesBuildPhase;
			buildActionMask = 2147483647;
			files = (
				2EDADF792BEB84AD00D33799 /* SHA256.swift in Sources */,
				2EDADF722BDFF46400D33799 /* User.swift in Sources */,
				2EDADF5C2BDA3FFF00D33799 /* LoginIntroView.swift in Sources */,
				2EDADF772BEB849A00D33799 /* RandomNonceString.swift in Sources */,
				2EDADF682BDA4E2600D33799 /* Color+Extension.swift in Sources */,
				2EDADF4A2BDA387200D33799 /* AthenticatedViewModel.swift in Sources */,
				2EDADF442BDA370500D33799 /* DIContainer.swift in Sources */,
				2EDADF0E2BD79CB700D33799 /* AthenticatedView.swift in Sources */,
				2EDADF472BDA374A00D33799 /* Services.swift in Sources */,
				2EDADF522BDA3BC000D33799 /* AppDelegate.swift in Sources */,
				2EDADF6C2BDF847400D33799 /* LoginButtonStyle.swift in Sources */,
				2EDADF0C2BD79CB700D33799 /* LMessengerApp.swift in Sources */,
				2EDADF6A2BDF838D00D33799 /* LoginView.swift in Sources */,
				2EDADF562BDA3D3800D33799 /* AuthenticationService.swift in Sources */,
				2EDADF742BDFF4A500D33799 /* ServiceError.swift in Sources */,
				2EDADF5E2BDA401200D33799 /* MainTabView.swift in Sources */,
			);
			runOnlyForDeploymentPostprocessing = 0;
		};
		2EDADF142BD79CBA00D33799 /* Sources */ = {
			isa = PBXSourcesBuildPhase;
			buildActionMask = 2147483647;
			files = (
				2EDADF1D2BD79CBA00D33799 /* LMessengerTests.swift in Sources */,
			);
			runOnlyForDeploymentPostprocessing = 0;
		};
		2EDADF1E2BD79CBA00D33799 /* Sources */ = {
			isa = PBXSourcesBuildPhase;
			buildActionMask = 2147483647;
			files = (
				2EDADF272BD79CBA00D33799 /* LMessengerUITests.swift in Sources */,
				2EDADF292BD79CBA00D33799 /* LMessengerUITestsLaunchTests.swift in Sources */,
			);
			runOnlyForDeploymentPostprocessing = 0;
		};
/* End PBXSourcesBuildPhase section */

/* Begin PBXTargetDependency section */
		2EDADF1A2BD79CBA00D33799 /* PBXTargetDependency */ = {
			isa = PBXTargetDependency;
			target = 2EDADF072BD79CB700D33799 /* LMessenger */;
			targetProxy = 2EDADF192BD79CBA00D33799 /* PBXContainerItemProxy */;
		};
		2EDADF242BD79CBA00D33799 /* PBXTargetDependency */ = {
			isa = PBXTargetDependency;
			target = 2EDADF072BD79CB700D33799 /* LMessenger */;
			targetProxy = 2EDADF232BD79CBA00D33799 /* PBXContainerItemProxy */;
		};
/* End PBXTargetDependency section */

/* Begin XCBuildConfiguration section */
		2EDADF2A2BD79CBA00D33799 /* Debug */ = {
			isa = XCBuildConfiguration;
			buildSettings = {
				ALWAYS_SEARCH_USER_PATHS = NO;
				ASSETCATALOG_COMPILER_GENERATE_SWIFT_ASSET_SYMBOL_EXTENSIONS = YES;
				CLANG_ANALYZER_NONNULL = YES;
				CLANG_ANALYZER_NUMBER_OBJECT_CONVERSION = YES_AGGRESSIVE;
				CLANG_CXX_LANGUAGE_STANDARD = "gnu++20";
				CLANG_ENABLE_MODULES = YES;
				CLANG_ENABLE_OBJC_ARC = YES;
				CLANG_ENABLE_OBJC_WEAK = YES;
				CLANG_WARN_BLOCK_CAPTURE_AUTORELEASING = YES;
				CLANG_WARN_BOOL_CONVERSION = YES;
				CLANG_WARN_COMMA = YES;
				CLANG_WARN_CONSTANT_CONVERSION = YES;
				CLANG_WARN_DEPRECATED_OBJC_IMPLEMENTATIONS = YES;
				CLANG_WARN_DIRECT_OBJC_ISA_USAGE = YES_ERROR;
				CLANG_WARN_DOCUMENTATION_COMMENTS = YES;
				CLANG_WARN_EMPTY_BODY = YES;
				CLANG_WARN_ENUM_CONVERSION = YES;
				CLANG_WARN_INFINITE_RECURSION = YES;
				CLANG_WARN_INT_CONVERSION = YES;
				CLANG_WARN_NON_LITERAL_NULL_CONVERSION = YES;
				CLANG_WARN_OBJC_IMPLICIT_RETAIN_SELF = YES;
				CLANG_WARN_OBJC_LITERAL_CONVERSION = YES;
				CLANG_WARN_OBJC_ROOT_CLASS = YES_ERROR;
				CLANG_WARN_QUOTED_INCLUDE_IN_FRAMEWORK_HEADER = YES;
				CLANG_WARN_RANGE_LOOP_ANALYSIS = YES;
				CLANG_WARN_STRICT_PROTOTYPES = YES;
				CLANG_WARN_SUSPICIOUS_MOVE = YES;
				CLANG_WARN_UNGUARDED_AVAILABILITY = YES_AGGRESSIVE;
				CLANG_WARN_UNREACHABLE_CODE = YES;
				CLANG_WARN__DUPLICATE_METHOD_MATCH = YES;
				COPY_PHASE_STRIP = NO;
				DEBUG_INFORMATION_FORMAT = dwarf;
				ENABLE_STRICT_OBJC_MSGSEND = YES;
				ENABLE_TESTABILITY = YES;
				ENABLE_USER_SCRIPT_SANDBOXING = YES;
				GCC_C_LANGUAGE_STANDARD = gnu17;
				GCC_DYNAMIC_NO_PIC = NO;
				GCC_NO_COMMON_BLOCKS = YES;
				GCC_OPTIMIZATION_LEVEL = 0;
				GCC_PREPROCESSOR_DEFINITIONS = (
					"DEBUG=1",
					"$(inherited)",
				);
				GCC_WARN_64_TO_32_BIT_CONVERSION = YES;
				GCC_WARN_ABOUT_RETURN_TYPE = YES_ERROR;
				GCC_WARN_UNDECLARED_SELECTOR = YES;
				GCC_WARN_UNINITIALIZED_AUTOS = YES_AGGRESSIVE;
				GCC_WARN_UNUSED_FUNCTION = YES;
				GCC_WARN_UNUSED_VARIABLE = YES;
				IPHONEOS_DEPLOYMENT_TARGET = 17.2;
				LOCALIZATION_PREFERS_STRING_CATALOGS = YES;
				MTL_ENABLE_DEBUG_INFO = INCLUDE_SOURCE;
				MTL_FAST_MATH = YES;
				ONLY_ACTIVE_ARCH = YES;
				SDKROOT = iphoneos;
				SWIFT_ACTIVE_COMPILATION_CONDITIONS = "DEBUG $(inherited)";
				SWIFT_OPTIMIZATION_LEVEL = "-Onone";
			};
			name = Debug;
		};
		2EDADF2B2BD79CBA00D33799 /* Release */ = {
			isa = XCBuildConfiguration;
			buildSettings = {
				ALWAYS_SEARCH_USER_PATHS = NO;
				ASSETCATALOG_COMPILER_GENERATE_SWIFT_ASSET_SYMBOL_EXTENSIONS = YES;
				CLANG_ANALYZER_NONNULL = YES;
				CLANG_ANALYZER_NUMBER_OBJECT_CONVERSION = YES_AGGRESSIVE;
				CLANG_CXX_LANGUAGE_STANDARD = "gnu++20";
				CLANG_ENABLE_MODULES = YES;
				CLANG_ENABLE_OBJC_ARC = YES;
				CLANG_ENABLE_OBJC_WEAK = YES;
				CLANG_WARN_BLOCK_CAPTURE_AUTORELEASING = YES;
				CLANG_WARN_BOOL_CONVERSION = YES;
				CLANG_WARN_COMMA = YES;
				CLANG_WARN_CONSTANT_CONVERSION = YES;
				CLANG_WARN_DEPRECATED_OBJC_IMPLEMENTATIONS = YES;
				CLANG_WARN_DIRECT_OBJC_ISA_USAGE = YES_ERROR;
				CLANG_WARN_DOCUMENTATION_COMMENTS = YES;
				CLANG_WARN_EMPTY_BODY = YES;
				CLANG_WARN_ENUM_CONVERSION = YES;
				CLANG_WARN_INFINITE_RECURSION = YES;
				CLANG_WARN_INT_CONVERSION = YES;
				CLANG_WARN_NON_LITERAL_NULL_CONVERSION = YES;
				CLANG_WARN_OBJC_IMPLICIT_RETAIN_SELF = YES;
				CLANG_WARN_OBJC_LITERAL_CONVERSION = YES;
				CLANG_WARN_OBJC_ROOT_CLASS = YES_ERROR;
				CLANG_WARN_QUOTED_INCLUDE_IN_FRAMEWORK_HEADER = YES;
				CLANG_WARN_RANGE_LOOP_ANALYSIS = YES;
				CLANG_WARN_STRICT_PROTOTYPES = YES;
				CLANG_WARN_SUSPICIOUS_MOVE = YES;
				CLANG_WARN_UNGUARDED_AVAILABILITY = YES_AGGRESSIVE;
				CLANG_WARN_UNREACHABLE_CODE = YES;
				CLANG_WARN__DUPLICATE_METHOD_MATCH = YES;
				COPY_PHASE_STRIP = NO;
				DEBUG_INFORMATION_FORMAT = "dwarf-with-dsym";
				ENABLE_NS_ASSERTIONS = NO;
				ENABLE_STRICT_OBJC_MSGSEND = YES;
				ENABLE_USER_SCRIPT_SANDBOXING = YES;
				GCC_C_LANGUAGE_STANDARD = gnu17;
				GCC_NO_COMMON_BLOCKS = YES;
				GCC_WARN_64_TO_32_BIT_CONVERSION = YES;
				GCC_WARN_ABOUT_RETURN_TYPE = YES_ERROR;
				GCC_WARN_UNDECLARED_SELECTOR = YES;
				GCC_WARN_UNINITIALIZED_AUTOS = YES_AGGRESSIVE;
				GCC_WARN_UNUSED_FUNCTION = YES;
				GCC_WARN_UNUSED_VARIABLE = YES;
				IPHONEOS_DEPLOYMENT_TARGET = 17.2;
				LOCALIZATION_PREFERS_STRING_CATALOGS = YES;
				MTL_ENABLE_DEBUG_INFO = NO;
				MTL_FAST_MATH = YES;
				SDKROOT = iphoneos;
				SWIFT_COMPILATION_MODE = wholemodule;
				VALIDATE_PRODUCT = YES;
			};
			name = Release;
		};
		2EDADF2D2BD79CBA00D33799 /* Debug */ = {
			isa = XCBuildConfiguration;
			buildSettings = {
				ASSETCATALOG_COMPILER_APPICON_NAME = AppIcon;
				ASSETCATALOG_COMPILER_GENERATE_ASSET_SYMBOLS = NO;
				ASSETCATALOG_COMPILER_GLOBAL_ACCENT_COLOR_NAME = AccentColor;
				CODE_SIGN_STYLE = Automatic;
				CURRENT_PROJECT_VERSION = 1;
				DEVELOPMENT_ASSET_PATHS = "\"LMessenger/Preview Content\"";
				DEVELOPMENT_TEAM = HF833JV2AF;
				ENABLE_PREVIEWS = YES;
				GENERATE_INFOPLIST_FILE = YES;
				INFOPLIST_FILE = LMessenger/Info.plist;
				INFOPLIST_KEY_UIApplicationSceneManifest_Generation = YES;
				INFOPLIST_KEY_UIApplicationSupportsIndirectInputEvents = YES;
				INFOPLIST_KEY_UILaunchStoryboardName = "Launch Screen";
				INFOPLIST_KEY_UISupportedInterfaceOrientations = UIInterfaceOrientationPortrait;
				IPHONEOS_DEPLOYMENT_TARGET = 16.0;
				LD_RUNPATH_SEARCH_PATHS = (
					"$(inherited)",
					"@executable_path/Frameworks",
				);
				MARKETING_VERSION = 1.0;
				PRODUCT_BUNDLE_IDENTIFIER = com.jonny.LMessenger;
				PRODUCT_NAME = "$(TARGET_NAME)";
				SWIFT_EMIT_LOC_STRINGS = YES;
				SWIFT_VERSION = 5.0;
				TARGETED_DEVICE_FAMILY = "1,2";
			};
			name = Debug;
		};
		2EDADF2E2BD79CBA00D33799 /* Release */ = {
			isa = XCBuildConfiguration;
			buildSettings = {
				ASSETCATALOG_COMPILER_APPICON_NAME = AppIcon;
				ASSETCATALOG_COMPILER_GENERATE_ASSET_SYMBOLS = NO;
				ASSETCATALOG_COMPILER_GLOBAL_ACCENT_COLOR_NAME = AccentColor;
				CODE_SIGN_STYLE = Automatic;
				CURRENT_PROJECT_VERSION = 1;
				DEVELOPMENT_ASSET_PATHS = "\"LMessenger/Preview Content\"";
				DEVELOPMENT_TEAM = HF833JV2AF;
				ENABLE_PREVIEWS = YES;
				GENERATE_INFOPLIST_FILE = YES;
				INFOPLIST_FILE = LMessenger/Info.plist;
				INFOPLIST_KEY_UIApplicationSceneManifest_Generation = YES;
				INFOPLIST_KEY_UIApplicationSupportsIndirectInputEvents = YES;
				INFOPLIST_KEY_UILaunchStoryboardName = "Launch Screen";
				INFOPLIST_KEY_UISupportedInterfaceOrientations = UIInterfaceOrientationPortrait;
				IPHONEOS_DEPLOYMENT_TARGET = 16.0;
				LD_RUNPATH_SEARCH_PATHS = (
					"$(inherited)",
					"@executable_path/Frameworks",
				);
				MARKETING_VERSION = 1.0;
				PRODUCT_BUNDLE_IDENTIFIER = com.jonny.LMessenger;
				PRODUCT_NAME = "$(TARGET_NAME)";
				SWIFT_EMIT_LOC_STRINGS = YES;
				SWIFT_VERSION = 5.0;
				TARGETED_DEVICE_FAMILY = "1,2";
			};
			name = Release;
		};
		2EDADF302BD79CBA00D33799 /* Debug */ = {
			isa = XCBuildConfiguration;
			buildSettings = {
				ALWAYS_EMBED_SWIFT_STANDARD_LIBRARIES = YES;
				BUNDLE_LOADER = "$(TEST_HOST)";
				CODE_SIGN_STYLE = Automatic;
				CURRENT_PROJECT_VERSION = 1;
				DEVELOPMENT_TEAM = HF833JV2AF;
				GENERATE_INFOPLIST_FILE = YES;
				IPHONEOS_DEPLOYMENT_TARGET = 17.2;
				MARKETING_VERSION = 1.0;
				PRODUCT_BUNDLE_IDENTIFIER = com.jonny.LMessengerTests;
				PRODUCT_NAME = "$(TARGET_NAME)";
				SWIFT_EMIT_LOC_STRINGS = NO;
				SWIFT_VERSION = 5.0;
				TARGETED_DEVICE_FAMILY = "1,2";
				TEST_HOST = "$(BUILT_PRODUCTS_DIR)/LMessenger.app/$(BUNDLE_EXECUTABLE_FOLDER_PATH)/LMessenger";
			};
			name = Debug;
		};
		2EDADF312BD79CBA00D33799 /* Release */ = {
			isa = XCBuildConfiguration;
			buildSettings = {
				ALWAYS_EMBED_SWIFT_STANDARD_LIBRARIES = YES;
				BUNDLE_LOADER = "$(TEST_HOST)";
				CODE_SIGN_STYLE = Automatic;
				CURRENT_PROJECT_VERSION = 1;
				DEVELOPMENT_TEAM = HF833JV2AF;
				GENERATE_INFOPLIST_FILE = YES;
				IPHONEOS_DEPLOYMENT_TARGET = 17.2;
				MARKETING_VERSION = 1.0;
				PRODUCT_BUNDLE_IDENTIFIER = com.jonny.LMessengerTests;
				PRODUCT_NAME = "$(TARGET_NAME)";
				SWIFT_EMIT_LOC_STRINGS = NO;
				SWIFT_VERSION = 5.0;
				TARGETED_DEVICE_FAMILY = "1,2";
				TEST_HOST = "$(BUILT_PRODUCTS_DIR)/LMessenger.app/$(BUNDLE_EXECUTABLE_FOLDER_PATH)/LMessenger";
			};
			name = Release;
		};
		2EDADF332BD79CBA00D33799 /* Debug */ = {
			isa = XCBuildConfiguration;
			buildSettings = {
				ALWAYS_EMBED_SWIFT_STANDARD_LIBRARIES = YES;
				CODE_SIGN_STYLE = Automatic;
				CURRENT_PROJECT_VERSION = 1;
				DEVELOPMENT_TEAM = HF833JV2AF;
				GENERATE_INFOPLIST_FILE = YES;
				MARKETING_VERSION = 1.0;
				PRODUCT_BUNDLE_IDENTIFIER = com.jonny.LMessengerUITests;
				PRODUCT_NAME = "$(TARGET_NAME)";
				SWIFT_EMIT_LOC_STRINGS = NO;
				SWIFT_VERSION = 5.0;
				TARGETED_DEVICE_FAMILY = "1,2";
				TEST_TARGET_NAME = LMessenger;
			};
			name = Debug;
		};
		2EDADF342BD79CBA00D33799 /* Release */ = {
			isa = XCBuildConfiguration;
			buildSettings = {
				ALWAYS_EMBED_SWIFT_STANDARD_LIBRARIES = YES;
				CODE_SIGN_STYLE = Automatic;
				CURRENT_PROJECT_VERSION = 1;
				DEVELOPMENT_TEAM = HF833JV2AF;
				GENERATE_INFOPLIST_FILE = YES;
				MARKETING_VERSION = 1.0;
				PRODUCT_BUNDLE_IDENTIFIER = com.jonny.LMessengerUITests;
				PRODUCT_NAME = "$(TARGET_NAME)";
				SWIFT_EMIT_LOC_STRINGS = NO;
				SWIFT_VERSION = 5.0;
				TARGETED_DEVICE_FAMILY = "1,2";
				TEST_TARGET_NAME = LMessenger;
			};
			name = Release;
		};
/* End XCBuildConfiguration section */

/* Begin XCConfigurationList section */
		2EDADF032BD79CB700D33799 /* Build configuration list for PBXProject "LMessenger" */ = {
			isa = XCConfigurationList;
			buildConfigurations = (
				2EDADF2A2BD79CBA00D33799 /* Debug */,
				2EDADF2B2BD79CBA00D33799 /* Release */,
			);
			defaultConfigurationIsVisible = 0;
			defaultConfigurationName = Release;
		};
		2EDADF2C2BD79CBA00D33799 /* Build configuration list for PBXNativeTarget "LMessenger" */ = {
			isa = XCConfigurationList;
			buildConfigurations = (
				2EDADF2D2BD79CBA00D33799 /* Debug */,
				2EDADF2E2BD79CBA00D33799 /* Release */,
			);
			defaultConfigurationIsVisible = 0;
			defaultConfigurationName = Release;
		};
		2EDADF2F2BD79CBA00D33799 /* Build configuration list for PBXNativeTarget "LMessengerTests" */ = {
			isa = XCConfigurationList;
			buildConfigurations = (
				2EDADF302BD79CBA00D33799 /* Debug */,
				2EDADF312BD79CBA00D33799 /* Release */,
			);
			defaultConfigurationIsVisible = 0;
			defaultConfigurationName = Release;
		};
		2EDADF322BD79CBA00D33799 /* Build configuration list for PBXNativeTarget "LMessengerUITests" */ = {
			isa = XCConfigurationList;
			buildConfigurations = (
				2EDADF332BD79CBA00D33799 /* Debug */,
				2EDADF342BD79CBA00D33799 /* Release */,
			);
			defaultConfigurationIsVisible = 0;
			defaultConfigurationName = Release;
		};
/* End XCConfigurationList section */

/* Begin XCRemoteSwiftPackageReference section */
		2EDADF4E2BDA3B6400D33799 /* XCRemoteSwiftPackageReference "firebase-ios-sdk" */ = {
			isa = XCRemoteSwiftPackageReference;
			repositoryURL = "https://github.com/firebase/firebase-ios-sdk";
			requirement = {
				kind = upToNextMajorVersion;
				minimumVersion = 10.24.0;
			};
		};
		2EDADF6D2BDFF36D00D33799 /* XCRemoteSwiftPackageReference "GoogleSignIn-iOS" */ = {
			isa = XCRemoteSwiftPackageReference;
			repositoryURL = "https://github.com/google/GoogleSignIn-iOS";
			requirement = {
				kind = upToNextMajorVersion;
				minimumVersion = 7.1.0;
			};
		};
/* End XCRemoteSwiftPackageReference section */

/* Begin XCSwiftPackageProductDependency section */
		2EDADF4F2BDA3B6400D33799 /* FirebaseAuth */ = {
			isa = XCSwiftPackageProductDependency;
			package = 2EDADF4E2BDA3B6400D33799 /* XCRemoteSwiftPackageReference "firebase-ios-sdk" */;
			productName = FirebaseAuth;
		};
		2EDADF6E2BDFF36D00D33799 /* GoogleSignIn */ = {
			isa = XCSwiftPackageProductDependency;
			package = 2EDADF6D2BDFF36D00D33799 /* XCRemoteSwiftPackageReference "GoogleSignIn-iOS" */;
			productName = GoogleSignIn;
		};
/* End XCSwiftPackageProductDependency section */
	};
	rootObject = 2EDADF002BD79CB700D33799 /* Project object */;
}
